
Microsoft Visual Studio Solution File, Format Version 12.00
# Visual Studio Version 16
VisualStudioVersion = 16.0.29409.12
MinimumVisualStudioVersion = 10.0.40219.1
Project("{FAE04EC0-301F-11D3-BF4B-00C04F79EFBC}") = "UserList", "UserList\UserList.csproj", "{03010BE9-70DE-4C80-9EEC-8B6A9D736394}"
EndProject
Global
	GlobalSection(SolutionConfigurationPlatforms) = preSolution
		Debug|Any CPU = Debug|Any CPU
		Release|Any CPU = Release|Any CPU
	EndGlobalSection
	GlobalSection(ProjectConfigurationPlatforms) = postSolution
		{03010BE9-70DE-4C80-9EEC-8B6A9D736394}.Debug|Any CPU.ActiveCfg = Debug|Any CPU
		{03010BE9-70DE-4C80-9EEC-8B6A9D736394}.Debug|Any CPU.Build.0 = Debug|Any CPU
		{03010BE9-70DE-4C80-9EEC-8B6A9D736394}.Release|Any CPU.ActiveCfg = Release|Any CPU
		{03010BE9-70DE-4C80-9EEC-8B6A9D736394}.Release|Any CPU.Build.0 = Release|Any CPU
	EndGlobalSection
	GlobalSection(SolutionProperties) = preSolution
		HideSolutionNode = FALSE
	EndGlobalSection
	GlobalSection(ExtensibilityGlobals) = postSolution
		SolutionGuid = {029ED371-EAAB-4BE1-8901-1221D8CE37A6}
	EndGlobalSection
EndGlobal
